{
  "nodes": {
    "home-manager": {
      "inputs": {
        "nixpkgs": [
          "nixpkgs"
        ]
      },
      "locked": {
        "lastModified": 1739314552,
        "narHash": "sha256-ggVf2BclyIW3jexc/uvgsgJH4e2cuG6Nyg54NeXgbFI=",
        "owner": "nix-community",
        "repo": "home-manager",
        "rev": "83bd3a26ac0526ae04fa74df46738bb44b89dcdd",
        "type": "github"
      },
      "original": {
        "owner": "nix-community",
        "repo": "home-manager",
        "type": "github"
      }
    },
    "nixpkgs": {
      "locked": {
        "lastModified": 1739406619,
        "narHash": "sha256-pdOnpTx9NnwAVk//HTiL5QjswwFfpxuk9mKbLk034Hc=",
        "owner": "NixOS",
        "repo": "nixpkgs",
        "rev": "cd16b1db73b00831cc5ac832a266e0f4150d0e11",
        "type": "github"
      },
      "original": {
        "owner": "NixOS",
        "ref": "master",
        "repo": "nixpkgs",
        "type": "github"
      }
    },
    "root": {
      "inputs": {
        "home-manager": "home-manager",
        "nixpkgs": "nixpkgs"
      }
    }
  },
  "root": "root",
  "version": 7
}
